
Microsoft Visual Studio Solution File, Format Version 12.00
# Visual Studio Version 16
VisualStudioVersion = 16.0.30804.86
MinimumVisualStudioVersion = 10.0.40219.1
Project("{FAE04EC0-301F-11D3-BF4B-00C04F79EFBC}") = "BL.STORE.UI", "BL.STORE.UI\BL.STORE.UI.csproj", "{51EAB08D-65D8-476C-BCA8-87A2E72C621D}"
EndProject
Project("{FAE04EC0-301F-11D3-BF4B-00C04F79EFBC}") = "BL.Store.Domain", "BL.Store.Domain\BL.Store.Domain.csproj", "{D4445924-4C1F-467E-BF57-AEA431BB2F0D}"
EndProject
Project("{FAE04EC0-301F-11D3-BF4B-00C04F79EFBC}") = "BL.Store.Data", "BL.Store.Data\BL.Store.Data.csproj", "{37CD5A41-1380-4475-A9AA-077BCD86696A}"
EndProject
Project("{FAE04EC0-301F-11D3-BF4B-00C04F79EFBC}") = "BL.Store.Testes", "BL.Store.Testes\BL.Store.Testes.csproj", "{6532EE40-877F-4AA4-A7A2-DEB95D9A114A}"
EndProject
Global
	GlobalSection(SolutionConfigurationPlatforms) = preSolution
		Debug|Any CPU = Debug|Any CPU
		Release|Any CPU = Release|Any CPU
	EndGlobalSection
	GlobalSection(ProjectConfigurationPlatforms) = postSolution
		{51EAB08D-65D8-476C-BCA8-87A2E72C621D}.Debug|Any CPU.ActiveCfg = Debug|Any CPU
		{51EAB08D-65D8-476C-BCA8-87A2E72C621D}.Debug|Any CPU.Build.0 = Debug|Any CPU
		{51EAB08D-65D8-476C-BCA8-87A2E72C621D}.Release|Any CPU.ActiveCfg = Release|Any CPU
		{51EAB08D-65D8-476C-BCA8-87A2E72C621D}.Release|Any CPU.Build.0 = Release|Any CPU
		{D4445924-4C1F-467E-BF57-AEA431BB2F0D}.Debug|Any CPU.ActiveCfg = Debug|Any CPU
		{D4445924-4C1F-467E-BF57-AEA431BB2F0D}.Debug|Any CPU.Build.0 = Debug|Any CPU
		{D4445924-4C1F-467E-BF57-AEA431BB2F0D}.Release|Any CPU.ActiveCfg = Release|Any CPU
		{D4445924-4C1F-467E-BF57-AEA431BB2F0D}.Release|Any CPU.Build.0 = Release|Any CPU
		{37CD5A41-1380-4475-A9AA-077BCD86696A}.Debug|Any CPU.ActiveCfg = Debug|Any CPU
		{37CD5A41-1380-4475-A9AA-077BCD86696A}.Debug|Any CPU.Build.0 = Debug|Any CPU
		{37CD5A41-1380-4475-A9AA-077BCD86696A}.Release|Any CPU.ActiveCfg = Release|Any CPU
		{37CD5A41-1380-4475-A9AA-077BCD86696A}.Release|Any CPU.Build.0 = Release|Any CPU
		{6532EE40-877F-4AA4-A7A2-DEB95D9A114A}.Debug|Any CPU.ActiveCfg = Debug|Any CPU
		{6532EE40-877F-4AA4-A7A2-DEB95D9A114A}.Debug|Any CPU.Build.0 = Debug|Any CPU
		{6532EE40-877F-4AA4-A7A2-DEB95D9A114A}.Release|Any CPU.ActiveCfg = Release|Any CPU
		{6532EE40-877F-4AA4-A7A2-DEB95D9A114A}.Release|Any CPU.Build.0 = Release|Any CPU
	EndGlobalSection
	GlobalSection(SolutionProperties) = preSolution
		HideSolutionNode = FALSE
	EndGlobalSection
	GlobalSection(ExtensibilityGlobals) = postSolution
		SolutionGuid = {FC4D70EF-0635-46E3-AD9C-71CD1DAA0B0C}
	EndGlobalSection
EndGlobal
